// !$*UTF8*$!
{
	archiveVersion = 1;
	classes = {
	};
	objectVersion = 46;
	objects = {

/* Begin PBXBuildFile section */
		555A08931EE697900084FFCA /* main.m in Sources */ = {isa = PBXBuildFile; fileRef = 555A08921EE697900084FFCA /* main.m */; };
		555A08961EE697900084FFCA /* AppDelegate.m in Sources */ = {isa = PBXBuildFile; fileRef = 555A08951EE697900084FFCA /* AppDelegate.m */; };
		555A089C1EE697900084FFCA /* Main.storyboard in Resources */ = {isa = PBXBuildFile; fileRef = 555A089A1EE697900084FFCA /* Main.storyboard */; };
		555A089E1EE697900084FFCA /* Assets.xcassets in Resources */ = {isa = PBXBuildFile; fileRef = 555A089D1EE697900084FFCA /* Assets.xcassets */; };
		555A08A11EE697900084FFCA /* LaunchScreen.storyboard in Resources */ = {isa = PBXBuildFile; fileRef = 555A089F1EE697900084FFCA /* LaunchScreen.storyboard */; };
		555A08AC1EE697900084FFCA /* VK_FriendsListTests.m in Sources */ = {isa = PBXBuildFile; fileRef = 555A08AB1EE697900084FFCA /* VK_FriendsListTests.m */; };
		555A08B71EE697900084FFCA /* VK_FriendsListUITests.m in Sources */ = {isa = PBXBuildFile; fileRef = 555A08B61EE697900084FFCA /* VK_FriendsListUITests.m */; };
		55A0972A1EF4704700EFA3C6 /* TableFriendsViewController.m in Sources */ = {isa = PBXBuildFile; fileRef = 55A097291EF4704700EFA3C6 /* TableFriendsViewController.m */; };
		55F505201F06B61400264812 /* AuthenticationViewController.m in Sources */ = {isa = PBXBuildFile; fileRef = 55F5051F1F06B61400264812 /* AuthenticationViewController.m */; };
		55F505231F06B64C00264812 /* StartViewController.m in Sources */ = {isa = PBXBuildFile; fileRef = 55F505221F06B64C00264812 /* StartViewController.m */; };
/* End PBXBuildFile section */

/* Begin PBXContainerItemProxy section */
		555A08A81EE697900084FFCA /* PBXContainerItemProxy */ = {
			isa = PBXContainerItemProxy;
			containerPortal = 555A08861EE6978F0084FFCA /* Project object */;
			proxyType = 1;
			remoteGlobalIDString = 555A088D1EE6978F0084FFCA;
			remoteInfo = "VK FriendsList";
		};
		555A08B31EE697900084FFCA /* PBXContainerItemProxy */ = {
			isa = PBXContainerItemProxy;
			containerPortal = 555A08861EE6978F0084FFCA /* Project object */;
			proxyType = 1;
			remoteGlobalIDString = 555A088D1EE6978F0084FFCA;
			remoteInfo = "VK FriendsList";
		};
/* End PBXContainerItemProxy section */

/* Begin PBXFileReference section */
		555A088E1EE697900084FFCA /* VK FriendsList.app */ = {isa = PBXFileReference; explicitFileType = wrapper.application; includeInIndex = 0; path = "VK FriendsList.app"; sourceTree = BUILT_PRODUCTS_DIR; };
		555A08921EE697900084FFCA /* main.m */ = {isa = PBXFileReference; lastKnownFileType = sourcecode.c.objc; path = main.m; sourceTree = "<group>"; };
		555A08941EE697900084FFCA /* AppDelegate.h */ = {isa = PBXFileReference; lastKnownFileType = sourcecode.c.h; path = AppDelegate.h; sourceTree = "<group>"; };
		555A08951EE697900084FFCA /* AppDelegate.m */ = {isa = PBXFileReference; lastKnownFileType = sourcecode.c.objc; path = AppDelegate.m; sourceTree = "<group>"; };
		555A089B1EE697900084FFCA /* Base */ = {isa = PBXFileReference; lastKnownFileType = file.storyboard; name = Base; path = Base.lproj/Main.storyboard; sourceTree = "<group>"; };
		555A089D1EE697900084FFCA /* Assets.xcassets */ = {isa = PBXFileReference; lastKnownFileType = folder.assetcatalog; path = Assets.xcassets; sourceTree = "<group>"; };
		555A08A01EE697900084FFCA /* Base */ = {isa = PBXFileReference; lastKnownFileType = file.storyboard; name = Base; path = Base.lproj/LaunchScreen.storyboard; sourceTree = "<group>"; };
		555A08A21EE697900084FFCA /* Info.plist */ = {isa = PBXFileReference; lastKnownFileType = text.plist.xml; path = Info.plist; sourceTree = "<group>"; };
		555A08A71EE697900084FFCA /* VK FriendsListTests.xctest */ = {isa = PBXFileReference; explicitFileType = wrapper.cfbundle; includeInIndex = 0; path = "VK FriendsListTests.xctest"; sourceTree = BUILT_PRODUCTS_DIR; };
		555A08AB1EE697900084FFCA /* VK_FriendsListTests.m */ = {isa = PBXFileReference; lastKnownFileType = sourcecode.c.objc; path = VK_FriendsListTests.m; sourceTree = "<group>"; };
		555A08AD1EE697900084FFCA /* Info.plist */ = {isa = PBXFileReference; lastKnownFileType = text.plist.xml; path = Info.plist; sourceTree = "<group>"; };
		555A08B21EE697900084FFCA /* VK FriendsListUITests.xctest */ = {isa = PBXFileReference; explicitFileType = wrapper.cfbundle; includeInIndex = 0; path = "VK FriendsListUITests.xctest"; sourceTree = BUILT_PRODUCTS_DIR; };
		555A08B61EE697900084FFCA /* VK_FriendsListUITests.m */ = {isa = PBXFileReference; lastKnownFileType = sourcecode.c.objc; path = VK_FriendsListUITests.m; sourceTree = "<group>"; };
		555A08B81EE697900084FFCA /* Info.plist */ = {isa = PBXFileReference; lastKnownFileType = text.plist.xml; path = Info.plist; sourceTree = "<group>"; };
		55A097281EF4704700EFA3C6 /* TableFriendsViewController.h */ = {isa = PBXFileReference; fileEncoding = 4; lastKnownFileType = sourcecode.c.h; path = TableFriendsViewController.h; sourceTree = "<group>"; };
		55A097291EF4704700EFA3C6 /* TableFriendsViewController.m */ = {isa = PBXFileReference; fileEncoding = 4; lastKnownFileType = sourcecode.c.objc; path = TableFriendsViewController.m; sourceTree = "<group>"; };
		55F5051E1F06B61400264812 /* AuthenticationViewController.h */ = {isa = PBXFileReference; fileEncoding = 4; lastKnownFileType = sourcecode.c.h; path = AuthenticationViewController.h; sourceTree = "<group>"; };
		55F5051F1F06B61400264812 /* AuthenticationViewController.m */ = {isa = PBXFileReference; fileEncoding = 4; lastKnownFileType = sourcecode.c.objc; path = AuthenticationViewController.m; sourceTree = "<group>"; };
		55F505211F06B64C00264812 /* StartViewController.h */ = {isa = PBXFileReference; fileEncoding = 4; lastKnownFileType = sourcecode.c.h; path = StartViewController.h; sourceTree = "<group>"; };
		55F505221F06B64C00264812 /* StartViewController.m */ = {isa = PBXFileReference; fileEncoding = 4; lastKnownFileType = sourcecode.c.objc; path = StartViewController.m; sourceTree = "<group>"; };
/* End PBXFileReference section */

/* Begin PBXFrameworksBuildPhase section */
		555A088B1EE6978F0084FFCA /* Frameworks */ = {
			isa = PBXFrameworksBuildPhase;
			buildActionMask = 2147483647;
			files = (
			);
			runOnlyForDeploymentPostprocessing = 0;
		};
		555A08A41EE697900084FFCA /* Frameworks */ = {
			isa = PBXFrameworksBuildPhase;
			buildActionMask = 2147483647;
			files = (
			);
			runOnlyForDeploymentPostprocessing = 0;
		};
		555A08AF1EE697900084FFCA /* Frameworks */ = {
			isa = PBXFrameworksBuildPhase;
			buildActionMask = 2147483647;
			files = (
			);
			runOnlyForDeploymentPostprocessing = 0;
		};
/* End PBXFrameworksBuildPhase section */

/* Begin PBXGroup section */
		555A08851EE6978F0084FFCA = {
			isa = PBXGroup;
			children = (
				555A08901EE697900084FFCA /* VK FriendsList */,
				555A08AA1EE697900084FFCA /* VK FriendsListTests */,
				555A08B51EE697900084FFCA /* VK FriendsListUITests */,
				555A088F1EE697900084FFCA /* Products */,
			);
			sourceTree = "<group>";
		};
		555A088F1EE697900084FFCA /* Products */ = {
			isa = PBXGroup;
			children = (
				555A088E1EE697900084FFCA /* VK FriendsList.app */,
				555A08A71EE697900084FFCA /* VK FriendsListTests.xctest */,
				555A08B21EE697900084FFCA /* VK FriendsListUITests.xctest */,
			);
			name = Products;
			sourceTree = "<group>";
		};
		555A08901EE697900084FFCA /* VK FriendsList */ = {
			isa = PBXGroup;
			children = (
				555A08941EE697900084FFCA /* AppDelegate.h */,
				555A08951EE697900084FFCA /* AppDelegate.m */,
				55F505211F06B64C00264812 /* StartViewController.h */,
				55F505221F06B64C00264812 /* StartViewController.m */,
				55F5051E1F06B61400264812 /* AuthenticationViewController.h */,
				55F5051F1F06B61400264812 /* AuthenticationViewController.m */,
				55A097281EF4704700EFA3C6 /* TableFriendsViewController.h */,
				55A097291EF4704700EFA3C6 /* TableFriendsViewController.m */,
				555A089A1EE697900084FFCA /* Main.storyboard */,
				555A089D1EE697900084FFCA /* Assets.xcassets */,
				555A089F1EE697900084FFCA /* LaunchScreen.storyboard */,
				555A08A21EE697900084FFCA /* Info.plist */,
				555A08911EE697900084FFCA /* Supporting Files */,
			);
			path = "VK FriendsList";
			sourceTree = "<group>";
		};
		555A08911EE697900084FFCA /* Supporting Files */ = {
			isa = PBXGroup;
			children = (
				555A08921EE697900084FFCA /* main.m */,
			);
			name = "Supporting Files";
			sourceTree = "<group>";
		};
		555A08AA1EE697900084FFCA /* VK FriendsListTests */ = {
			isa = PBXGroup;
			children = (
				555A08AB1EE697900084FFCA /* VK_FriendsListTests.m */,
				555A08AD1EE697900084FFCA /* Info.plist */,
			);
			path = "VK FriendsListTests";
			sourceTree = "<group>";
		};
		555A08B51EE697900084FFCA /* VK FriendsListUITests */ = {
			isa = PBXGroup;
			children = (
				555A08B61EE697900084FFCA /* VK_FriendsListUITests.m */,
				555A08B81EE697900084FFCA /* Info.plist */,
			);
			path = "VK FriendsListUITests";
			sourceTree = "<group>";
		};
/* End PBXGroup section */

/* Begin PBXNativeTarget section */
		555A088D1EE6978F0084FFCA /* VK FriendsList */ = {
			isa = PBXNativeTarget;
			buildConfigurationList = 555A08BB1EE697900084FFCA /* Build configuration list for PBXNativeTarget "VK FriendsList" */;
			buildPhases = (
				555A088A1EE6978F0084FFCA /* Sources */,
				555A088B1EE6978F0084FFCA /* Frameworks */,
				555A088C1EE6978F0084FFCA /* Resources */,
			);
			buildRules = (
			);
			dependencies = (
			);
			name = "VK FriendsList";
			productName = "VK FriendsList";
			productReference = 555A088E1EE697900084FFCA /* VK FriendsList.app */;
			productType = "com.apple.product-type.application";
		};
		555A08A61EE697900084FFCA /* VK FriendsListTests */ = {
			isa = PBXNativeTarget;
			buildConfigurationList = 555A08BE1EE697900084FFCA /* Build configuration list for PBXNativeTarget "VK FriendsListTests" */;
			buildPhases = (
				555A08A31EE697900084FFCA /* Sources */,
				555A08A41EE697900084FFCA /* Frameworks */,
				555A08A51EE697900084FFCA /* Resources */,
			);
			buildRules = (
			);
			dependencies = (
				555A08A91EE697900084FFCA /* PBXTargetDependency */,
			);
			name = "VK FriendsListTests";
			productName = "VK FriendsListTests";
			productReference = 555A08A71EE697900084FFCA /* VK FriendsListTests.xctest */;
			productType = "com.apple.product-type.bundle.unit-test";
		};
		555A08B11EE697900084FFCA /* VK FriendsListUITests */ = {
			isa = PBXNativeTarget;
			buildConfigurationList = 555A08C11EE697900084FFCA /* Build configuration list for PBXNativeTarget "VK FriendsListUITests" */;
			buildPhases = (
				555A08AE1EE697900084FFCA /* Sources */,
				555A08AF1EE697900084FFCA /* Frameworks */,
				555A08B01EE697900084FFCA /* Resources */,
			);
			buildRules = (
			);
			dependencies = (
				555A08B41EE697900084FFCA /* PBXTargetDependency */,
			);
			name = "VK FriendsListUITests";
			productName = "VK FriendsListUITests";
			productReference = 555A08B21EE697900084FFCA /* VK FriendsListUITests.xctest */;
			productType = "com.apple.product-type.bundle.ui-testing";
		};
/* End PBXNativeTarget section */

/* Begin PBXProject section */
		555A08861EE6978F0084FFCA /* Project object */ = {
			isa = PBXProject;
			attributes = {
				LastUpgradeCheck = 0830;
				ORGANIZATIONNAME = Andrey;
				TargetAttributes = {
					555A088D1EE6978F0084FFCA = {
						CreatedOnToolsVersion = 8.3.2;
						ProvisioningStyle = Automatic;
					};
					555A08A61EE697900084FFCA = {
						CreatedOnToolsVersion = 8.3.2;
						ProvisioningStyle = Automatic;
						TestTargetID = 555A088D1EE6978F0084FFCA;
					};
					555A08B11EE697900084FFCA = {
						CreatedOnToolsVersion = 8.3.2;
						ProvisioningStyle = Automatic;
						TestTargetID = 555A088D1EE6978F0084FFCA;
					};
				};
			};
			buildConfigurationList = 555A08891EE6978F0084FFCA /* Build configuration list for PBXProject "VK FriendsList" */;
			compatibilityVersion = "Xcode 3.2";
			developmentRegion = English;
			hasScannedForEncodings = 0;
			knownRegions = (
				en,
				Base,
			);
			mainGroup = 555A08851EE6978F0084FFCA;
			productRefGroup = 555A088F1EE697900084FFCA /* Products */;
			projectDirPath = "";
			projectRoot = "";
			targets = (
				555A088D1EE6978F0084FFCA /* VK FriendsList */,
				555A08A61EE697900084FFCA /* VK FriendsListTests */,
				555A08B11EE697900084FFCA /* VK FriendsListUITests */,
			);
		};
/* End PBXProject section */

/* Begin PBXResourcesBuildPhase section */
		555A088C1EE6978F0084FFCA /* Resources */ = {
			isa = PBXResourcesBuildPhase;
			buildActionMask = 2147483647;
			files = (
				555A08A11EE697900084FFCA /* LaunchScreen.storyboard in Resources */,
				555A089E1EE697900084FFCA /* Assets.xcassets in Resources */,
				555A089C1EE697900084FFCA /* Main.storyboard in Resources */,
			);
			runOnlyForDeploymentPostprocessing = 0;
		};
		555A08A51EE697900084FFCA /* Resources */ = {
			isa = PBXResourcesBuildPhase;
			buildActionMask = 2147483647;
			files = (
			);
			runOnlyForDeploymentPostprocessing = 0;
		};
		555A08B01EE697900084FFCA /* Resources */ = {
			isa = PBXResourcesBuildPhase;
			buildActionMask = 2147483647;
			files = (
			);
			runOnlyForDeploymentPostprocessing = 0;
		};
/* End PBXResourcesBuildPhase section */

/* Begin PBXSourcesBuildPhase section */
		555A088A1EE6978F0084FFCA /* Sources */ = {
			isa = PBXSourcesBuildPhase;
			buildActionMask = 2147483647;
			files = (
				55F505201F06B61400264812 /* AuthenticationViewController.m in Sources */,
				55A0972A1EF4704700EFA3C6 /* TableFriendsViewController.m in Sources */,
				55F505231F06B64C00264812 /* StartViewController.m in Sources */,
				555A08961EE697900084FFCA /* AppDelegate.m in Sources */,
				555A08931EE697900084FFCA /* main.m in Sources */,
			);
			runOnlyForDeploymentPostprocessing = 0;
		};
		555A08A31EE697900084FFCA /* Sources */ = {
			isa = PBXSourcesBuildPhase;
			buildActionMask = 2147483647;
			files = (
				555A08AC1EE697900084FFCA /* VK_FriendsListTests.m in Sources */,
			);
			runOnlyForDeploymentPostprocessing = 0;
		};
		555A08AE1EE697900084FFCA /* Sources */ = {
			isa = PBXSourcesBuildPhase;
			buildActionMask = 2147483647;
			files = (
				555A08B71EE697900084FFCA /* VK_FriendsListUITests.m in Sources */,
			);
			runOnlyForDeploymentPostprocessing = 0;
		};
/* End PBXSourcesBuildPhase section */

/* Begin PBXTargetDependency section */
		555A08A91EE697900084FFCA /* PBXTargetDependency */ = {
			isa = PBXTargetDependency;
			target = 555A088D1EE6978F0084FFCA /* VK FriendsList */;
			targetProxy = 555A08A81EE697900084FFCA /* PBXContainerItemProxy */;
		};
		555A08B41EE697900084FFCA /* PBXTargetDependency */ = {
			isa = PBXTargetDependency;
			target = 555A088D1EE6978F0084FFCA /* VK FriendsList */;
			targetProxy = 555A08B31EE697900084FFCA /* PBXContainerItemProxy */;
		};
/* End PBXTargetDependency section */

/* Begin PBXVariantGroup section */
		555A089A1EE697900084FFCA /* Main.storyboard */ = {
			isa = PBXVariantGroup;
			children = (
				555A089B1EE697900084FFCA /* Base */,
			);
			name = Main.storyboard;
			sourceTree = "<group>";
		};
		555A089F1EE697900084FFCA /* LaunchScreen.storyboard */ = {
			isa = PBXVariantGroup;
			children = (
				555A08A01EE697900084FFCA /* Base */,
			);
			name = LaunchScreen.storyboard;
			sourceTree = "<group>";
		};
/* End PBXVariantGroup section */

/* Begin XCBuildConfiguration section */
		555A08B91EE697900084FFCA /* Debug */ = {
			isa = XCBuildConfiguration;
			buildSettings = {
				ALWAYS_SEARCH_USER_PATHS = NO;
				CLANG_ANALYZER_NONNULL = YES;
				CLANG_ANALYZER_NUMBER_OBJECT_CONVERSION = YES_AGGRESSIVE;
				CLANG_CXX_LANGUAGE_STANDARD = "gnu++0x";
				CLANG_CXX_LIBRARY = "libc++";
				CLANG_ENABLE_MODULES = YES;
				CLANG_ENABLE_OBJC_ARC = YES;
				CLANG_WARN_BOOL_CONVERSION = YES;
				CLANG_WARN_CONSTANT_CONVERSION = YES;
				CLANG_WARN_DIRECT_OBJC_ISA_USAGE = YES_ERROR;
				CLANG_WARN_DOCUMENTATION_COMMENTS = YES;
				CLANG_WARN_EMPTY_BODY = YES;
				CLANG_WARN_ENUM_CONVERSION = YES;
				CLANG_WARN_INFINITE_RECURSION = YES;
				CLANG_WARN_INT_CONVERSION = YES;
				CLANG_WARN_OBJC_ROOT_CLASS = YES_ERROR;
				CLANG_WARN_SUSPICIOUS_MOVE = YES;
				CLANG_WARN_UNREACHABLE_CODE = YES;
				CLANG_WARN__DUPLICATE_METHOD_MATCH = YES;
				"CODE_SIGN_IDENTITY[sdk=iphoneos*]" = "iPhone Developer";
				COPY_PHASE_STRIP = NO;
				DEBUG_INFORMATION_FORMAT = dwarf;
				ENABLE_BITCODE = YES;
				ENABLE_STRICT_OBJC_MSGSEND = YES;
				ENABLE_TESTABILITY = YES;
				GCC_C_LANGUAGE_STANDARD = gnu99;
				GCC_DYNAMIC_NO_PIC = NO;
				GCC_NO_COMMON_BLOCKS = YES;
				GCC_OPTIMIZATION_LEVEL = 0;
				GCC_PREPROCESSOR_DEFINITIONS = (
					"DEBUG=1",
					"$(inherited)",
				);
				GCC_WARN_64_TO_32_BIT_CONVERSION = YES;
				GCC_WARN_ABOUT_RETURN_TYPE = YES_ERROR;
				GCC_WARN_UNDECLARED_SELECTOR = YES;
				GCC_WARN_UNINITIALIZED_AUTOS = YES_AGGRESSIVE;
				GCC_WARN_UNUSED_FUNCTION = YES;
				GCC_WARN_UNUSED_VARIABLE = YES;
				IPHONEOS_DEPLOYMENT_TARGET = 10.3;
				MTL_ENABLE_DEBUG_INFO = YES;
				ONLY_ACTIVE_ARCH = YES;
				SDKROOT = iphoneos;
			};
			name = Debug;
		};
		555A08BA1EE697900084FFCA /* Release */ = {
			isa = XCBuildConfiguration;
			buildSettings = {
				ALWAYS_SEARCH_USER_PATHS = NO;
				CLANG_ANALYZER_NONNULL = YES;
				CLANG_ANALYZER_NUMBER_OBJECT_CONVERSION = YES_AGGRESSIVE;
				CLANG_CXX_LANGUAGE_STANDARD = "gnu++0x";
				CLANG_CXX_LIBRARY = "libc++";
				CLANG_ENABLE_MODULES = YES;
				CLANG_ENABLE_OBJC_ARC = YES;
				CLANG_WARN_BOOL_CONVERSION = YES;
				CLANG_WARN_CONSTANT_CONVERSION = YES;
				CLANG_WARN_DIRECT_OBJC_ISA_USAGE = YES_ERROR;
				CLANG_WARN_DOCUMENTATION_COMMENTS = YES;
				CLANG_WARN_EMPTY_BODY = YES;
				CLANG_WARN_ENUM_CONVERSION = YES;
				CLANG_WARN_INFINITE_RECURSION = YES;
				CLANG_WARN_INT_CONVERSION = YES;
				CLANG_WARN_OBJC_ROOT_CLASS = YES_ERROR;
				CLANG_WARN_SUSPICIOUS_MOVE = YES;
				CLANG_WARN_UNREACHABLE_CODE = YES;
				CLANG_WARN__DUPLICATE_METHOD_MATCH = YES;
				"CODE_SIGN_IDENTITY[sdk=iphoneos*]" = "iPhone Developer";
				COPY_PHASE_STRIP = NO;
				DEBUG_INFORMATION_FORMAT = "dwarf-with-dsym";
				ENABLE_BITCODE = YES;
				ENABLE_NS_ASSERTIONS = NO;
				ENABLE_STRICT_OBJC_MSGSEND = YES;
				GCC_C_LANGUAGE_STANDARD = gnu99;
				GCC_NO_COMMON_BLOCKS = YES;
				GCC_WARN_64_TO_32_BIT_CONVERSION = YES;
				GCC_WARN_ABOUT_RETURN_TYPE = YES_ERROR;
				GCC_WARN_UNDECLARED_SELECTOR = YES;
				GCC_WARN_UNINITIALIZED_AUTOS = YES_AGGRESSIVE;
				GCC_WARN_UNUSED_FUNCTION = YES;
				GCC_WARN_UNUSED_VARIABLE = YES;
				IPHONEOS_DEPLOYMENT_TARGET = 10.3;
				MTL_ENABLE_DEBUG_INFO = NO;
				SDKROOT = iphoneos;
				VALIDATE_PRODUCT = YES;
			};
			name = Release;
		};
		555A08BC1EE697900084FFCA /* Debug */ = {
			isa = XCBuildConfiguration;
			buildSettings = {
				ASSETCATALOG_COMPILER_APPICON_NAME = AppIcon;
				ENABLE_BITCODE = YES;
				INFOPLIST_FILE = "VK FriendsList/Info.plist";
				LD_RUNPATH_SEARCH_PATHS = "$(inherited) @executable_path/Frameworks";
				PRODUCT_BUNDLE_IDENTIFIER = "-.VK-FriendsList";
				PRODUCT_NAME = "$(TARGET_NAME)";
				TARGETED_DEVICE_FAMILY = 1;
			};
			name = Debug;
		};
		555A08BD1EE697900084FFCA /* Release */ = {
			isa = XCBuildConfiguration;
			buildSettings = {
				ASSETCATALOG_COMPILER_APPICON_NAME = AppIcon;
				ENABLE_BITCODE = YES;
				INFOPLIST_FILE = "VK FriendsList/Info.plist";
				LD_RUNPATH_SEARCH_PATHS = "$(inherited) @executable_path/Frameworks";
				PRODUCT_BUNDLE_IDENTIFIER = "-.VK-FriendsList";
				PRODUCT_NAME = "$(TARGET_NAME)";
				TARGETED_DEVICE_FAMILY = 1;
			};
			name = Release;
		};
		555A08BF1EE697900084FFCA /* Debug */ = {
			isa = XCBuildConfiguration;
			buildSettings = {
				BUNDLE_LOADER = "$(TEST_HOST)";
				INFOPLIST_FILE = "VK FriendsListTests/Info.plist";
				LD_RUNPATH_SEARCH_PATHS = "$(inherited) @executable_path/Frameworks @loader_path/Frameworks";
				PRODUCT_BUNDLE_IDENTIFIER = "-.VK-FriendsListTests";
				PRODUCT_NAME = "$(TARGET_NAME)";
				TEST_HOST = "$(BUILT_PRODUCTS_DIR)/VK FriendsList.app/VK FriendsList";
			};
			name = Debug;
		};
		555A08C01EE697900084FFCA /* Release */ = {
			isa = XCBuildConfiguration;
			buildSettings = {
				BUNDLE_LOADER = "$(TEST_HOST)";
				INFOPLIST_FILE = "VK FriendsListTests/Info.plist";
				LD_RUNPATH_SEARCH_PATHS = "$(inherited) @executable_path/Frameworks @loader_path/Frameworks";
				PRODUCT_BUNDLE_IDENTIFIER = "-.VK-FriendsListTests";
				PRODUCT_NAME = "$(TARGET_NAME)";
				TEST_HOST = "$(BUILT_PRODUCTS_DIR)/VK FriendsList.app/VK FriendsList";
			};
			name = Release;
		};
		555A08C21EE697900084FFCA /* Debug */ = {
			isa = XCBuildConfiguration;
			buildSettings = {
				INFOPLIST_FILE = "VK FriendsListUITests/Info.plist";
				LD_RUNPATH_SEARCH_PATHS = "$(inherited) @executable_path/Frameworks @loader_path/Frameworks";
				PRODUCT_BUNDLE_IDENTIFIER = "-.VK-FriendsListUITests";
				PRODUCT_NAME = "$(TARGET_NAME)";
				TEST_TARGET_NAME = "VK FriendsList";
			};
			name = Debug;
		};
		555A08C31EE697900084FFCA /* Release */ = {
			isa = XCBuildConfiguration;
			buildSettings = {
				INFOPLIST_FILE = "VK FriendsListUITests/Info.plist";
				LD_RUNPATH_SEARCH_PATHS = "$(inherited) @executable_path/Frameworks @loader_path/Frameworks";
				PRODUCT_BUNDLE_IDENTIFIER = "-.VK-FriendsListUITests";
				PRODUCT_NAME = "$(TARGET_NAME)";
				TEST_TARGET_NAME = "VK FriendsList";
			};
			name = Release;
		};
/* End XCBuildConfiguration section */

/* Begin XCConfigurationList section */
		555A08891EE6978F0084FFCA /* Build configuration list for PBXProject "VK FriendsList" */ = {
			isa = XCConfigurationList;
			buildConfigurations = (
				555A08B91EE697900084FFCA /* Debug */,
				555A08BA1EE697900084FFCA /* Release */,
			);
			defaultConfigurationIsVisible = 0;
			defaultConfigurationName = Release;
		};
		555A08BB1EE697900084FFCA /* Build configuration list for PBXNativeTarget "VK FriendsList" */ = {
			isa = XCConfigurationList;
			buildConfigurations = (
				555A08BC1EE697900084FFCA /* Debug */,
				555A08BD1EE697900084FFCA /* Release */,
			);
			defaultConfigurationIsVisible = 0;
			defaultConfigurationName = Release;
		};
		555A08BE1EE697900084FFCA /* Build configuration list for PBXNativeTarget "VK FriendsListTests" */ = {
			isa = XCConfigurationList;
			buildConfigurations = (
				555A08BF1EE697900084FFCA /* Debug */,
				555A08C01EE697900084FFCA /* Release */,
			);
			defaultConfigurationIsVisible = 0;
			defaultConfigurationName = Release;
		};
		555A08C11EE697900084FFCA /* Build configuration list for PBXNativeTarget "VK FriendsListUITests" */ = {
			isa = XCConfigurationList;
			buildConfigurations = (
				555A08C21EE697900084FFCA /* Debug */,
				555A08C31EE697900084FFCA /* Release */,
			);
			defaultConfigurationIsVisible = 0;
			defaultConfigurationName = Release;
		};
/* End XCConfigurationList section */
	};
	rootObject = 555A08861EE6978F0084FFCA /* Project object */;
}
